// !$*UTF8*$!
{
	archiveVersion = 1;
	classes = {
	};
	objectVersion = 50;
	objects = {

/* Begin PBXBuildFile section */
		2751C9442316B9EC00A75177 /* AppDelegate.swift in Sources */ = {isa = PBXBuildFile; fileRef = 2751C9432316B9EC00A75177 /* AppDelegate.swift */; };
		2751C9462316B9EC00A75177 /* ViewController.swift in Sources */ = {isa = PBXBuildFile; fileRef = 2751C9452316B9EC00A75177 /* ViewController.swift */; };
		2751C9492316B9EC00A75177 /* Main.storyboard in Resources */ = {isa = PBXBuildFile; fileRef = 2751C9472316B9EC00A75177 /* Main.storyboard */; };
		2751C94B2316B9ED00A75177 /* Assets.xcassets in Resources */ = {isa = PBXBuildFile; fileRef = 2751C94A2316B9ED00A75177 /* Assets.xcassets */; };
		2751C94E2316B9ED00A75177 /* LaunchScreen.storyboard in Resources */ = {isa = PBXBuildFile; fileRef = 2751C94C2316B9ED00A75177 /* LaunchScreen.storyboard */; };
		2751C9592316B9ED00A75177 /* ____Tests.swift in Sources */ = {isa = PBXBuildFile; fileRef = 2751C9582316B9ED00A75177 /* ____Tests.swift */; };
		2751C9642316B9ED00A75177 /* ____UITests.swift in Sources */ = {isa = PBXBuildFile; fileRef = 2751C9632316B9ED00A75177 /* ____UITests.swift */; };
/* End PBXBuildFile section */

/* Begin PBXContainerItemProxy section */
		2751C9552316B9ED00A75177 /* PBXContainerItemProxy */ = {
			isa = PBXContainerItemProxy;
			containerPortal = 2751C9382316B9EC00A75177 /* Project object */;
			proxyType = 1;
			remoteGlobalIDString = 2751C93F2316B9EC00A75177;
			remoteInfo = "斗鱼直播";
		};
		2751C9602316B9ED00A75177 /* PBXContainerItemProxy */ = {
			isa = PBXContainerItemProxy;
			containerPortal = 2751C9382316B9EC00A75177 /* Project object */;
			proxyType = 1;
			remoteGlobalIDString = 2751C93F2316B9EC00A75177;
			remoteInfo = "斗鱼直播";
		};
/* End PBXContainerItemProxy section */

/* Begin PBXFileReference section */
		2751C9402316B9EC00A75177 /* 斗鱼直播.app */ = {isa = PBXFileReference; explicitFileType = wrapper.application; includeInIndex = 0; path = "斗鱼直播.app"; sourceTree = BUILT_PRODUCTS_DIR; };
		2751C9432316B9EC00A75177 /* AppDelegate.swift */ = {isa = PBXFileReference; lastKnownFileType = sourcecode.swift; path = AppDelegate.swift; sourceTree = "<group>"; };
		2751C9452316B9EC00A75177 /* ViewController.swift */ = {isa = PBXFileReference; lastKnownFileType = sourcecode.swift; path = ViewController.swift; sourceTree = "<group>"; };
		2751C9482316B9EC00A75177 /* Base */ = {isa = PBXFileReference; lastKnownFileType = file.storyboard; name = Base; path = Base.lproj/Main.storyboard; sourceTree = "<group>"; };
		2751C94A2316B9ED00A75177 /* Assets.xcassets */ = {isa = PBXFileReference; lastKnownFileType = folder.assetcatalog; path = Assets.xcassets; sourceTree = "<group>"; };
		2751C94D2316B9ED00A75177 /* Base */ = {isa = PBXFileReference; lastKnownFileType = file.storyboard; name = Base; path = Base.lproj/LaunchScreen.storyboard; sourceTree = "<group>"; };
		2751C94F2316B9ED00A75177 /* Info.plist */ = {isa = PBXFileReference; lastKnownFileType = text.plist.xml; path = Info.plist; sourceTree = "<group>"; };
		2751C9542316B9ED00A75177 /* 斗鱼直播Tests.xctest */ = {isa = PBXFileReference; explicitFileType = wrapper.cfbundle; includeInIndex = 0; path = "斗鱼直播Tests.xctest"; sourceTree = BUILT_PRODUCTS_DIR; };
		2751C9582316B9ED00A75177 /* ____Tests.swift */ = {isa = PBXFileReference; lastKnownFileType = sourcecode.swift; path = "____Tests.swift"; sourceTree = "<group>"; };
		2751C95A2316B9ED00A75177 /* Info.plist */ = {isa = PBXFileReference; lastKnownFileType = text.plist.xml; path = Info.plist; sourceTree = "<group>"; };
		2751C95F2316B9ED00A75177 /* 斗鱼直播UITests.xctest */ = {isa = PBXFileReference; explicitFileType = wrapper.cfbundle; includeInIndex = 0; path = "斗鱼直播UITests.xctest"; sourceTree = BUILT_PRODUCTS_DIR; };
		2751C9632316B9ED00A75177 /* ____UITests.swift */ = {isa = PBXFileReference; lastKnownFileType = sourcecode.swift; path = "____UITests.swift"; sourceTree = "<group>"; };
		2751C9652316B9ED00A75177 /* Info.plist */ = {isa = PBXFileReference; lastKnownFileType = text.plist.xml; path = Info.plist; sourceTree = "<group>"; };
/* End PBXFileReference section */

/* Begin PBXFrameworksBuildPhase section */
		2751C93D2316B9EC00A75177 /* Frameworks */ = {
			isa = PBXFrameworksBuildPhase;
			buildActionMask = 2147483647;
			files = (
			);
			runOnlyForDeploymentPostprocessing = 0;
		};
		2751C9512316B9ED00A75177 /* Frameworks */ = {
			isa = PBXFrameworksBuildPhase;
			buildActionMask = 2147483647;
			files = (
			);
			runOnlyForDeploymentPostprocessing = 0;
		};
		2751C95C2316B9ED00A75177 /* Frameworks */ = {
			isa = PBXFrameworksBuildPhase;
			buildActionMask = 2147483647;
			files = (
			);
			runOnlyForDeploymentPostprocessing = 0;
		};
/* End PBXFrameworksBuildPhase section */

/* Begin PBXGroup section */
		2751C9372316B9EC00A75177 = {
			isa = PBXGroup;
			children = (
				2751C9422316B9EC00A75177 /* 斗鱼直播 */,
				2751C9572316B9ED00A75177 /* 斗鱼直播Tests */,
				2751C9622316B9ED00A75177 /* 斗鱼直播UITests */,
				2751C9412316B9EC00A75177 /* Products */,
			);
			sourceTree = "<group>";
		};
		2751C9412316B9EC00A75177 /* Products */ = {
			isa = PBXGroup;
			children = (
				2751C9402316B9EC00A75177 /* 斗鱼直播.app */,
				2751C9542316B9ED00A75177 /* 斗鱼直播Tests.xctest */,
				2751C95F2316B9ED00A75177 /* 斗鱼直播UITests.xctest */,
			);
			name = Products;
			sourceTree = "<group>";
		};
		2751C9422316B9EC00A75177 /* 斗鱼直播 */ = {
			isa = PBXGroup;
			children = (
				2751C9432316B9EC00A75177 /* AppDelegate.swift */,
				2751C9452316B9EC00A75177 /* ViewController.swift */,
				2751C9472316B9EC00A75177 /* Main.storyboard */,
				2751C94A2316B9ED00A75177 /* Assets.xcassets */,
				2751C94C2316B9ED00A75177 /* LaunchScreen.storyboard */,
				2751C94F2316B9ED00A75177 /* Info.plist */,
			);
			path = "斗鱼直播";
			sourceTree = "<group>";
		};
		2751C9572316B9ED00A75177 /* 斗鱼直播Tests */ = {
			isa = PBXGroup;
			children = (
				2751C9582316B9ED00A75177 /* ____Tests.swift */,
				2751C95A2316B9ED00A75177 /* Info.plist */,
			);
			path = "斗鱼直播Tests";
			sourceTree = "<group>";
		};
		2751C9622316B9ED00A75177 /* 斗鱼直播UITests */ = {
			isa = PBXGroup;
			children = (
				2751C9632316B9ED00A75177 /* ____UITests.swift */,
				2751C9652316B9ED00A75177 /* Info.plist */,
			);
			path = "斗鱼直播UITests";
			sourceTree = "<group>";
		};
/* End PBXGroup section */

/* Begin PBXNativeTarget section */
		2751C93F2316B9EC00A75177 /* 斗鱼直播 */ = {
			isa = PBXNativeTarget;
			buildConfigurationList = 2751C9682316B9ED00A75177 /* Build configuration list for PBXNativeTarget "斗鱼直播" */;
			buildPhases = (
				2751C93C2316B9EC00A75177 /* Sources */,
				2751C93D2316B9EC00A75177 /* Frameworks */,
				2751C93E2316B9EC00A75177 /* Resources */,
			);
			buildRules = (
			);
			dependencies = (
			);
			name = "斗鱼直播";
			productName = "斗鱼直播";
			productReference = 2751C9402316B9EC00A75177 /* 斗鱼直播.app */;
			productType = "com.apple.product-type.application";
		};
		2751C9532316B9ED00A75177 /* 斗鱼直播Tests */ = {
			isa = PBXNativeTarget;
			buildConfigurationList = 2751C96B2316B9ED00A75177 /* Build configuration list for PBXNativeTarget "斗鱼直播Tests" */;
			buildPhases = (
				2751C9502316B9ED00A75177 /* Sources */,
				2751C9512316B9ED00A75177 /* Frameworks */,
				2751C9522316B9ED00A75177 /* Resources */,
			);
			buildRules = (
			);
			dependencies = (
				2751C9562316B9ED00A75177 /* PBXTargetDependency */,
			);
			name = "斗鱼直播Tests";
			productName = "斗鱼直播Tests";
			productReference = 2751C9542316B9ED00A75177 /* 斗鱼直播Tests.xctest */;
			productType = "com.apple.product-type.bundle.unit-test";
		};
		2751C95E2316B9ED00A75177 /* 斗鱼直播UITests */ = {
			isa = PBXNativeTarget;
			buildConfigurationList = 2751C96E2316B9ED00A75177 /* Build configuration list for PBXNativeTarget "斗鱼直播UITests" */;
			buildPhases = (
				2751C95B2316B9ED00A75177 /* Sources */,
				2751C95C2316B9ED00A75177 /* Frameworks */,
				2751C95D2316B9ED00A75177 /* Resources */,
			);
			buildRules = (
			);
			dependencies = (
				2751C9612316B9ED00A75177 /* PBXTargetDependency */,
			);
			name = "斗鱼直播UITests";
			productName = "斗鱼直播UITests";
			productReference = 2751C95F2316B9ED00A75177 /* 斗鱼直播UITests.xctest */;
			productType = "com.apple.product-type.bundle.ui-testing";
		};
/* End PBXNativeTarget section */

/* Begin PBXProject section */
		2751C9382316B9EC00A75177 /* Project object */ = {
			isa = PBXProject;
			attributes = {
				LastSwiftUpdateCheck = 1030;
				LastUpgradeCheck = 1030;
				ORGANIZATIONNAME = xuzhanhua;
				TargetAttributes = {
					2751C93F2316B9EC00A75177 = {
						CreatedOnToolsVersion = 10.3;
					};
					2751C9532316B9ED00A75177 = {
						CreatedOnToolsVersion = 10.3;
						TestTargetID = 2751C93F2316B9EC00A75177;
					};
					2751C95E2316B9ED00A75177 = {
						CreatedOnToolsVersion = 10.3;
						TestTargetID = 2751C93F2316B9EC00A75177;
					};
				};
			};
			buildConfigurationList = 2751C93B2316B9EC00A75177 /* Build configuration list for PBXProject "斗鱼直播" */;
			compatibilityVersion = "Xcode 9.3";
			developmentRegion = en;
			hasScannedForEncodings = 0;
			knownRegions = (
				en,
				Base,
			);
			mainGroup = 2751C9372316B9EC00A75177;
			productRefGroup = 2751C9412316B9EC00A75177 /* Products */;
			projectDirPath = "";
			projectRoot = "";
			targets = (
				2751C93F2316B9EC00A75177 /* 斗鱼直播 */,
				2751C9532316B9ED00A75177 /* 斗鱼直播Tests */,
				2751C95E2316B9ED00A75177 /* 斗鱼直播UITests */,
			);
		};
/* End PBXProject section */

/* Begin PBXResourcesBuildPhase section */
		2751C93E2316B9EC00A75177 /* Resources */ = {
			isa = PBXResourcesBuildPhase;
			buildActionMask = 2147483647;
			files = (
				2751C94E2316B9ED00A75177 /* LaunchScreen.storyboard in Resources */,
				2751C94B2316B9ED00A75177 /* Assets.xcassets in Resources */,
				2751C9492316B9EC00A75177 /* Main.storyboard in Resources */,
			);
			runOnlyForDeploymentPostprocessing = 0;
		};
		2751C9522316B9ED00A75177 /* Resources */ = {
			isa = PBXResourcesBuildPhase;
			buildActionMask = 2147483647;
			files = (
			);
			runOnlyForDeploymentPostprocessing = 0;
		};
		2751C95D2316B9ED00A75177 /* Resources */ = {
			isa = PBXResourcesBuildPhase;
			buildActionMask = 2147483647;
			files = (
			);
			runOnlyForDeploymentPostprocessing = 0;
		};
/* End PBXResourcesBuildPhase section */

/* Begin PBXSourcesBuildPhase section */
		2751C93C2316B9EC00A75177 /* Sources */ = {
			isa = PBXSourcesBuildPhase;
			buildActionMask = 2147483647;
			files = (
				2751C9462316B9EC00A75177 /* ViewController.swift in Sources */,
				2751C9442316B9EC00A75177 /* AppDelegate.swift in Sources */,
			);
			runOnlyForDeploymentPostprocessing = 0;
		};
		2751C9502316B9ED00A75177 /* Sources */ = {
			isa = PBXSourcesBuildPhase;
			buildActionMask = 2147483647;
			files = (
				2751C9592316B9ED00A75177 /* ____Tests.swift in Sources */,
			);
			runOnlyForDeploymentPostprocessing = 0;
		};
		2751C95B2316B9ED00A75177 /* Sources */ = {
			isa = PBXSourcesBuildPhase;
			buildActionMask = 2147483647;
			files = (
				2751C9642316B9ED00A75177 /* ____UITests.swift in Sources */,
			);
			runOnlyForDeploymentPostprocessing = 0;
		};
/* End PBXSourcesBuildPhase section */

/* Begin PBXTargetDependency section */
		2751C9562316B9ED00A75177 /* PBXTargetDependency */ = {
			isa = PBXTargetDependency;
			target = 2751C93F2316B9EC00A75177 /* 斗鱼直播 */;
			targetProxy = 2751C9552316B9ED00A75177 /* PBXContainerItemProxy */;
		};
		2751C9612316B9ED00A75177 /* PBXTargetDependency */ = {
			isa = PBXTargetDependency;
			target = 2751C93F2316B9EC00A75177 /* 斗鱼直播 */;
			targetProxy = 2751C9602316B9ED00A75177 /* PBXContainerItemProxy */;
		};
/* End PBXTargetDependency section */

/* Begin PBXVariantGroup section */
		2751C9472316B9EC00A75177 /* Main.storyboard */ = {
			isa = PBXVariantGroup;
			children = (
				2751C9482316B9EC00A75177 /* Base */,
			);
			name = Main.storyboard;
			sourceTree = "<group>";
		};
		2751C94C2316B9ED00A75177 /* LaunchScreen.storyboard */ = {
			isa = PBXVariantGroup;
			children = (
				2751C94D2316B9ED00A75177 /* Base */,
			);
			name = LaunchScreen.storyboard;
			sourceTree = "<group>";
		};
/* End PBXVariantGroup section */

/* Begin XCBuildConfiguration section */
		2751C9662316B9ED00A75177 /* Debug */ = {
			isa = XCBuildConfiguration;
			buildSettings = {
				ALWAYS_SEARCH_USER_PATHS = NO;
				CLANG_ANALYZER_NONNULL = YES;
				CLANG_ANALYZER_NUMBER_OBJECT_CONVERSION = YES_AGGRESSIVE;
				CLANG_CXX_LANGUAGE_STANDARD = "gnu++14";
				CLANG_CXX_LIBRARY = "libc++";
				CLANG_ENABLE_MODULES = YES;
				CLANG_ENABLE_OBJC_ARC = YES;
				CLANG_ENABLE_OBJC_WEAK = YES;
				CLANG_WARN_BLOCK_CAPTURE_AUTORELEASING = YES;
				CLANG_WARN_BOOL_CONVERSION = YES;
				CLANG_WARN_COMMA = YES;
				CLANG_WARN_CONSTANT_CONVERSION = YES;
				CLANG_WARN_DEPRECATED_OBJC_IMPLEMENTATIONS = YES;
				CLANG_WARN_DIRECT_OBJC_ISA_USAGE = YES_ERROR;
				CLANG_WARN_DOCUMENTATION_COMMENTS = YES;
				CLANG_WARN_EMPTY_BODY = YES;
				CLANG_WARN_ENUM_CONVERSION = YES;
				CLANG_WARN_INFINITE_RECURSION = YES;
				CLANG_WARN_INT_CONVERSION = YES;
				CLANG_WARN_NON_LITERAL_NULL_CONVERSION = YES;
				CLANG_WARN_OBJC_IMPLICIT_RETAIN_SELF = YES;
				CLANG_WARN_OBJC_LITERAL_CONVERSION = YES;
				CLANG_WARN_OBJC_ROOT_CLASS = YES_ERROR;
				CLANG_WARN_RANGE_LOOP_ANALYSIS = YES;
				CLANG_WARN_STRICT_PROTOTYPES = YES;
				CLANG_WARN_SUSPICIOUS_MOVE = YES;
				CLANG_WARN_UNGUARDED_AVAILABILITY = YES_AGGRESSIVE;
				CLANG_WARN_UNREACHABLE_CODE = YES;
				CLANG_WARN__DUPLICATE_METHOD_MATCH = YES;
				CODE_SIGN_IDENTITY = "iPhone Developer";
				COPY_PHASE_STRIP = NO;
				DEBUG_INFORMATION_FORMAT = dwarf;
				ENABLE_STRICT_OBJC_MSGSEND = YES;
				ENABLE_TESTABILITY = YES;
				GCC_C_LANGUAGE_STANDARD = gnu11;
				GCC_DYNAMIC_NO_PIC = NO;
				GCC_NO_COMMON_BLOCKS = YES;
				GCC_OPTIMIZATION_LEVEL = 0;
				GCC_PREPROCESSOR_DEFINITIONS = (
					"DEBUG=1",
					"$(inherited)",
				);
				GCC_WARN_64_TO_32_BIT_CONVERSION = YES;
				GCC_WARN_ABOUT_RETURN_TYPE = YES_ERROR;
				GCC_WARN_UNDECLARED_SELECTOR = YES;
				GCC_WARN_UNINITIALIZED_AUTOS = YES_AGGRESSIVE;
				GCC_WARN_UNUSED_FUNCTION = YES;
				GCC_WARN_UNUSED_VARIABLE = YES;
				IPHONEOS_DEPLOYMENT_TARGET = 12.4;
				MTL_ENABLE_DEBUG_INFO = INCLUDE_SOURCE;
				MTL_FAST_MATH = YES;
				ONLY_ACTIVE_ARCH = YES;
				SDKROOT = iphoneos;
				SWIFT_ACTIVE_COMPILATION_CONDITIONS = DEBUG;
				SWIFT_OPTIMIZATION_LEVEL = "-Onone";
			};
			name = Debug;
		};
		2751C9672316B9ED00A75177 /* Release */ = {
			isa = XCBuildConfiguration;
			buildSettings = {
				ALWAYS_SEARCH_USER_PATHS = NO;
				CLANG_ANALYZER_NONNULL = YES;
				CLANG_ANALYZER_NUMBER_OBJECT_CONVERSION = YES_AGGRESSIVE;
				CLANG_CXX_LANGUAGE_STANDARD = "gnu++14";
				CLANG_CXX_LIBRARY = "libc++";
				CLANG_ENABLE_MODULES = YES;
				CLANG_ENABLE_OBJC_ARC = YES;
				CLANG_ENABLE_OBJC_WEAK = YES;
				CLANG_WARN_BLOCK_CAPTURE_AUTORELEASING = YES;
				CLANG_WARN_BOOL_CONVERSION = YES;
				CLANG_WARN_COMMA = YES;
				CLANG_WARN_CONSTANT_CONVERSION = YES;
				CLANG_WARN_DEPRECATED_OBJC_IMPLEMENTATIONS = YES;
				CLANG_WARN_DIRECT_OBJC_ISA_USAGE = YES_ERROR;
				CLANG_WARN_DOCUMENTATION_COMMENTS = YES;
				CLANG_WARN_EMPTY_BODY = YES;
				CLANG_WARN_ENUM_CONVERSION = YES;
				CLANG_WARN_INFINITE_RECURSION = YES;
				CLANG_WARN_INT_CONVERSION = YES;
				CLANG_WARN_NON_LITERAL_NULL_CONVERSION = YES;
				CLANG_WARN_OBJC_IMPLICIT_RETAIN_SELF = YES;
				CLANG_WARN_OBJC_LITERAL_CONVERSION = YES;
				CLANG_WARN_OBJC_ROOT_CLASS = YES_ERROR;
				CLANG_WARN_RANGE_LOOP_ANALYSIS = YES;
				CLANG_WARN_STRICT_PROTOTYPES = YES;
				CLANG_WARN_SUSPICIOUS_MOVE = YES;
				CLANG_WARN_UNGUARDED_AVAILABILITY = YES_AGGRESSIVE;
				CLANG_WARN_UNREACHABLE_CODE = YES;
				CLANG_WARN__DUPLICATE_METHOD_MATCH = YES;
				CODE_SIGN_IDENTITY = "iPhone Developer";
				COPY_PHASE_STRIP = NO;
				DEBUG_INFORMATION_FORMAT = "dwarf-with-dsym";
				ENABLE_NS_ASSERTIONS = NO;
				ENABLE_STRICT_OBJC_MSGSEND = YES;
				GCC_C_LANGUAGE_STANDARD = gnu11;
				GCC_NO_COMMON_BLOCKS = YES;
				GCC_WARN_64_TO_32_BIT_CONVERSION = YES;
				GCC_WARN_ABOUT_RETURN_TYPE = YES_ERROR;
				GCC_WARN_UNDECLARED_SELECTOR = YES;
				GCC_WARN_UNINITIALIZED_AUTOS = YES_AGGRESSIVE;
				GCC_WARN_UNUSED_FUNCTION = YES;
				GCC_WARN_UNUSED_VARIABLE = YES;
				IPHONEOS_DEPLOYMENT_TARGET = 12.4;
				MTL_ENABLE_DEBUG_INFO = NO;
				MTL_FAST_MATH = YES;
				SDKROOT = iphoneos;
				SWIFT_COMPILATION_MODE = wholemodule;
				SWIFT_OPTIMIZATION_LEVEL = "-O";
				VALIDATE_PRODUCT = YES;
			};
			name = Release;
		};
		2751C9692316B9ED00A75177 /* Debug */ = {
			isa = XCBuildConfiguration;
			buildSettings = {
				ASSETCATALOG_COMPILER_APPICON_NAME = AppIcon;
				ASSETCATALOG_COMPILER_LAUNCHIMAGE_NAME = LaunchImage;
				CODE_SIGN_STYLE = Automatic;
				DEVELOPMENT_TEAM = U2L5JD2FSD;
				INFOPLIST_FILE = "斗鱼直播/Info.plist";
				IPHONEOS_DEPLOYMENT_TARGET = 9.0;
				LD_RUNPATH_SEARCH_PATHS = (
					"$(inherited)",
					"@executable_path/Frameworks",
				);
				PRODUCT_BUNDLE_IDENTIFIER = "cn.xfdata.dyzb.----";
				PRODUCT_NAME = "$(TARGET_NAME)";
				SWIFT_VERSION = 5.0;
				TARGETED_DEVICE_FAMILY = "1,2";
			};
			name = Debug;
		};
		2751C96A2316B9ED00A75177 /* Release */ = {
			isa = XCBuildConfiguration;
			buildSettings = {
				ASSETCATALOG_COMPILER_APPICON_NAME = AppIcon;
				ASSETCATALOG_COMPILER_LAUNCHIMAGE_NAME = LaunchImage;
				CODE_SIGN_STYLE = Automatic;
				DEVELOPMENT_TEAM = U2L5JD2FSD;
				INFOPLIST_FILE = "斗鱼直播/Info.plist";
				IPHONEOS_DEPLOYMENT_TARGET = 9.0;
				LD_RUNPATH_SEARCH_PATHS = (
					"$(inherited)",
					"@executable_path/Frameworks",
				);
				PRODUCT_BUNDLE_IDENTIFIER = "cn.xfdata.dyzb.----";
				PRODUCT_NAME = "$(TARGET_NAME)";
				SWIFT_VERSION = 5.0;
				TARGETED_DEVICE_FAMILY = "1,2";
			};
			name = Release;
		};
		2751C96C2316B9ED00A75177 /* Debug */ = {
			isa = XCBuildConfiguration;
			buildSettings = {
				ALWAYS_EMBED_SWIFT_STANDARD_LIBRARIES = YES;
				BUNDLE_LOADER = "$(TEST_HOST)";
				CODE_SIGN_STYLE = Automatic;
				DEVELOPMENT_TEAM = U2L5JD2FSD;
				INFOPLIST_FILE = "斗鱼直播Tests/Info.plist";
				LD_RUNPATH_SEARCH_PATHS = (
					"$(inherited)",
					"@executable_path/Frameworks",
					"@loader_path/Frameworks",
				);
				PRODUCT_BUNDLE_IDENTIFIER = "cn.xfdata.dyzb.----Tests";
				PRODUCT_NAME = "$(TARGET_NAME)";
				SWIFT_VERSION = 5.0;
				TARGETED_DEVICE_FAMILY = "1,2";
				TEST_HOST = "$(BUILT_PRODUCTS_DIR)/斗鱼直播.app/斗鱼直播";
			};
			name = Debug;
		};
		2751C96D2316B9ED00A75177 /* Release */ = {
			isa = XCBuildConfiguration;
			buildSettings = {
				ALWAYS_EMBED_SWIFT_STANDARD_LIBRARIES = YES;
				BUNDLE_LOADER = "$(TEST_HOST)";
				CODE_SIGN_STYLE = Automatic;
				DEVELOPMENT_TEAM = U2L5JD2FSD;
				INFOPLIST_FILE = "斗鱼直播Tests/Info.plist";
				LD_RUNPATH_SEARCH_PATHS = (
					"$(inherited)",
					"@executable_path/Frameworks",
					"@loader_path/Frameworks",
				);
				PRODUCT_BUNDLE_IDENTIFIER = "cn.xfdata.dyzb.----Tests";
				PRODUCT_NAME = "$(TARGET_NAME)";
				SWIFT_VERSION = 5.0;
				TARGETED_DEVICE_FAMILY = "1,2";
				TEST_HOST = "$(BUILT_PRODUCTS_DIR)/斗鱼直播.app/斗鱼直播";
			};
			name = Release;
		};
		2751C96F2316B9ED00A75177 /* Debug */ = {
			isa = XCBuildConfiguration;
			buildSettings = {
				ALWAYS_EMBED_SWIFT_STANDARD_LIBRARIES = YES;
				CODE_SIGN_STYLE = Automatic;
				DEVELOPMENT_TEAM = U2L5JD2FSD;
				INFOPLIST_FILE = "斗鱼直播UITests/Info.plist";
				LD_RUNPATH_SEARCH_PATHS = (
					"$(inherited)",
					"@executable_path/Frameworks",
					"@loader_path/Frameworks",
				);
				PRODUCT_BUNDLE_IDENTIFIER = "cn.xfdata.dyzb.----UITests";
				PRODUCT_NAME = "$(TARGET_NAME)";
				SWIFT_VERSION = 5.0;
				TARGETED_DEVICE_FAMILY = "1,2";
				TEST_TARGET_NAME = "斗鱼直播";
			};
			name = Debug;
		};
		2751C9702316B9ED00A75177 /* Release */ = {
			isa = XCBuildConfiguration;
			buildSettings = {
				ALWAYS_EMBED_SWIFT_STANDARD_LIBRARIES = YES;
				CODE_SIGN_STYLE = Automatic;
				DEVELOPMENT_TEAM = U2L5JD2FSD;
				INFOPLIST_FILE = "斗鱼直播UITests/Info.plist";
				LD_RUNPATH_SEARCH_PATHS = (
					"$(inherited)",
					"@executable_path/Frameworks",
					"@loader_path/Frameworks",
				);
				PRODUCT_BUNDLE_IDENTIFIER = "cn.xfdata.dyzb.----UITests";
				PRODUCT_NAME = "$(TARGET_NAME)";
				SWIFT_VERSION = 5.0;
				TARGETED_DEVICE_FAMILY = "1,2";
				TEST_TARGET_NAME = "斗鱼直播";
			};
			name = Release;
		};
/* End XCBuildConfiguration section */

/* Begin XCConfigurationList section */
		2751C93B2316B9EC00A75177 /* Build configuration list for PBXProject "斗鱼直播" */ = {
			isa = XCConfigurationList;
			buildConfigurations = (
				2751C9662316B9ED00A75177 /* Debug */,
				2751C9672316B9ED00A75177 /* Release */,
			);
			defaultConfigurationIsVisible = 0;
			defaultConfigurationName = Release;
		};
		2751C9682316B9ED00A75177 /* Build configuration list for PBXNativeTarget "斗鱼直播" */ = {
			isa = XCConfigurationList;
			buildConfigurations = (
				2751C9692316B9ED00A75177 /* Debug */,
				2751C96A2316B9ED00A75177 /* Release */,
			);
			defaultConfigurationIsVisible = 0;
			defaultConfigurationName = Release;
		};
		2751C96B2316B9ED00A75177 /* Build configuration list for PBXNativeTarget "斗鱼直播Tests" */ = {
			isa = XCConfigurationList;
			buildConfigurations = (
				2751C96C2316B9ED00A75177 /* Debug */,
				2751C96D2316B9ED00A75177 /* Release */,
			);
			defaultConfigurationIsVisible = 0;
			defaultConfigurationName = Release;
		};
		2751C96E2316B9ED00A75177 /* Build configuration list for PBXNativeTarget "斗鱼直播UITests" */ = {
			isa = XCConfigurationList;
			buildConfigurations = (
				2751C96F2316B9ED00A75177 /* Debug */,
				2751C9702316B9ED00A75177 /* Release */,
			);
			defaultConfigurationIsVisible = 0;
			defaultConfigurationName = Release;
		};
/* End XCConfigurationList section */
	};
	rootObject = 2751C9382316B9EC00A75177 /* Project object */;
}
